
Microsoft Visual Studio Solution File, Format Version 12.00
# Visual Studio Version 17
VisualStudioVersion = 17.14.36804.6 d17.14
MinimumVisualStudioVersion = 10.0.40219.1
Project("{FAE04EC0-301F-11D3-BF4B-00C04F79EFBC}") = "Atividade_while8", "Atividade_while8\Atividade_while8.csproj", "{08CA26EE-A182-4C04-85E0-195ECDC4BABC}"
EndProject
Global
	GlobalSection(SolutionConfigurationPlatforms) = preSolution
		Debug|Any CPU = Debug|Any CPU
		Release|Any CPU = Release|Any CPU
	EndGlobalSection
	GlobalSection(ProjectConfigurationPlatforms) = postSolution
		{08CA26EE-A182-4C04-85E0-195ECDC4BABC}.Debug|Any CPU.ActiveCfg = Debug|Any CPU
		{08CA26EE-A182-4C04-85E0-195ECDC4BABC}.Debug|Any CPU.Build.0 = Debug|Any CPU
		{08CA26EE-A182-4C04-85E0-195ECDC4BABC}.Release|Any CPU.ActiveCfg = Release|Any CPU
		{08CA26EE-A182-4C04-85E0-195ECDC4BABC}.Release|Any CPU.Build.0 = Release|Any CPU
	EndGlobalSection
	GlobalSection(SolutionProperties) = preSolution
		HideSolutionNode = FALSE
	EndGlobalSection
	GlobalSection(ExtensibilityGlobals) = postSolution
		SolutionGuid = {30D1EB69-2E72-4776-81BE-0403203C2DEF}
	EndGlobalSection
EndGlobal
