
Microsoft Visual Studio Solution File, Format Version 12.00
# Visual Studio Version 17
VisualStudioVersion = 17.14.36804.6 d17.14
MinimumVisualStudioVersion = 10.0.40219.1
Project("{FAE04EC0-301F-11D3-BF4B-00C04F79EFBC}") = "while_at24.1-1", "while_at24.1-1\while_at24.1-1.csproj", "{4D86DB08-F947-4A79-B834-52ED26B44046}"
EndProject
Global
	GlobalSection(SolutionConfigurationPlatforms) = preSolution
		Debug|Any CPU = Debug|Any CPU
		Release|Any CPU = Release|Any CPU
	EndGlobalSection
	GlobalSection(ProjectConfigurationPlatforms) = postSolution
		{4D86DB08-F947-4A79-B834-52ED26B44046}.Debug|Any CPU.ActiveCfg = Debug|Any CPU
		{4D86DB08-F947-4A79-B834-52ED26B44046}.Debug|Any CPU.Build.0 = Debug|Any CPU
		{4D86DB08-F947-4A79-B834-52ED26B44046}.Release|Any CPU.ActiveCfg = Release|Any CPU
		{4D86DB08-F947-4A79-B834-52ED26B44046}.Release|Any CPU.Build.0 = Release|Any CPU
	EndGlobalSection
	GlobalSection(SolutionProperties) = preSolution
		HideSolutionNode = FALSE
	EndGlobalSection
	GlobalSection(ExtensibilityGlobals) = postSolution
		SolutionGuid = {6C041E07-04F2-4B25-9640-62111F6C3659}
	EndGlobalSection
EndGlobal
