
Microsoft Visual Studio Solution File, Format Version 12.00
# Visual Studio Version 17
VisualStudioVersion = 17.14.36804.6 d17.14
MinimumVisualStudioVersion = 10.0.40219.1
Project("{FAE04EC0-301F-11D3-BF4B-00C04F79EFBC}") = "while_at25.3-1", "while_at25.3-1\while_at25.3-1.csproj", "{E83371B3-C832-492F-AF4E-07ED245C001B}"
EndProject
Global
	GlobalSection(SolutionConfigurationPlatforms) = preSolution
		Debug|Any CPU = Debug|Any CPU
		Release|Any CPU = Release|Any CPU
	EndGlobalSection
	GlobalSection(ProjectConfigurationPlatforms) = postSolution
		{E83371B3-C832-492F-AF4E-07ED245C001B}.Debug|Any CPU.ActiveCfg = Debug|Any CPU
		{E83371B3-C832-492F-AF4E-07ED245C001B}.Debug|Any CPU.Build.0 = Debug|Any CPU
		{E83371B3-C832-492F-AF4E-07ED245C001B}.Release|Any CPU.ActiveCfg = Release|Any CPU
		{E83371B3-C832-492F-AF4E-07ED245C001B}.Release|Any CPU.Build.0 = Release|Any CPU
	EndGlobalSection
	GlobalSection(SolutionProperties) = preSolution
		HideSolutionNode = FALSE
	EndGlobalSection
	GlobalSection(ExtensibilityGlobals) = postSolution
		SolutionGuid = {61CEFAD8-8DC7-45A4-9C38-43BADE8E9B65}
	EndGlobalSection
EndGlobal
