
Microsoft Visual Studio Solution File, Format Version 12.00
# Visual Studio Version 17
VisualStudioVersion = 17.14.36804.6 d17.14
MinimumVisualStudioVersion = 10.0.40219.1
Project("{FAE04EC0-301F-11D3-BF4B-00C04F79EFBC}") = "for5", "for5\for5.csproj", "{8DF8FCAC-9DC5-48DE-B53B-EC81E298C1FF}"
EndProject
Global
	GlobalSection(SolutionConfigurationPlatforms) = preSolution
		Debug|Any CPU = Debug|Any CPU
		Release|Any CPU = Release|Any CPU
	EndGlobalSection
	GlobalSection(ProjectConfigurationPlatforms) = postSolution
		{8DF8FCAC-9DC5-48DE-B53B-EC81E298C1FF}.Debug|Any CPU.ActiveCfg = Debug|Any CPU
		{8DF8FCAC-9DC5-48DE-B53B-EC81E298C1FF}.Debug|Any CPU.Build.0 = Debug|Any CPU
		{8DF8FCAC-9DC5-48DE-B53B-EC81E298C1FF}.Release|Any CPU.ActiveCfg = Release|Any CPU
		{8DF8FCAC-9DC5-48DE-B53B-EC81E298C1FF}.Release|Any CPU.Build.0 = Release|Any CPU
	EndGlobalSection
	GlobalSection(SolutionProperties) = preSolution
		HideSolutionNode = FALSE
	EndGlobalSection
	GlobalSection(ExtensibilityGlobals) = postSolution
		SolutionGuid = {AACFCD90-AF97-41DE-902A-998DCC643A54}
	EndGlobalSection
EndGlobal
