
Microsoft Visual Studio Solution File, Format Version 12.00
# Visual Studio Version 17
VisualStudioVersion = 17.14.36804.6 d17.14
MinimumVisualStudioVersion = 10.0.40219.1
Project("{FAE04EC0-301F-11D3-BF4B-00C04F79EFBC}") = "vetor-exer10", "vetor-exer10\vetor-exer10.csproj", "{53CF6454-CDEB-4C7C-B879-11F16A08A643}"
EndProject
Global
	GlobalSection(SolutionConfigurationPlatforms) = preSolution
		Debug|Any CPU = Debug|Any CPU
		Release|Any CPU = Release|Any CPU
	EndGlobalSection
	GlobalSection(ProjectConfigurationPlatforms) = postSolution
		{53CF6454-CDEB-4C7C-B879-11F16A08A643}.Debug|Any CPU.ActiveCfg = Debug|Any CPU
		{53CF6454-CDEB-4C7C-B879-11F16A08A643}.Debug|Any CPU.Build.0 = Debug|Any CPU
		{53CF6454-CDEB-4C7C-B879-11F16A08A643}.Release|Any CPU.ActiveCfg = Release|Any CPU
		{53CF6454-CDEB-4C7C-B879-11F16A08A643}.Release|Any CPU.Build.0 = Release|Any CPU
	EndGlobalSection
	GlobalSection(SolutionProperties) = preSolution
		HideSolutionNode = FALSE
	EndGlobalSection
	GlobalSection(ExtensibilityGlobals) = postSolution
		SolutionGuid = {DA7C38A7-DD17-4D36-8EAE-1B9C377C04B5}
	EndGlobalSection
EndGlobal
