
Microsoft Visual Studio Solution File, Format Version 12.00
# Visual Studio Version 17
VisualStudioVersion = 17.14.36804.6 d17.14
MinimumVisualStudioVersion = 10.0.40219.1
Project("{FAE04EC0-301F-11D3-BF4B-00C04F79EFBC}") = "exemplo.vetor-string", "exemplo.vetor-string\exemplo.vetor-string.csproj", "{C376A8CF-DD4B-4413-AFC7-8CE65E067D1C}"
EndProject
Global
	GlobalSection(SolutionConfigurationPlatforms) = preSolution
		Debug|Any CPU = Debug|Any CPU
		Release|Any CPU = Release|Any CPU
	EndGlobalSection
	GlobalSection(ProjectConfigurationPlatforms) = postSolution
		{C376A8CF-DD4B-4413-AFC7-8CE65E067D1C}.Debug|Any CPU.ActiveCfg = Debug|Any CPU
		{C376A8CF-DD4B-4413-AFC7-8CE65E067D1C}.Debug|Any CPU.Build.0 = Debug|Any CPU
		{C376A8CF-DD4B-4413-AFC7-8CE65E067D1C}.Release|Any CPU.ActiveCfg = Release|Any CPU
		{C376A8CF-DD4B-4413-AFC7-8CE65E067D1C}.Release|Any CPU.Build.0 = Release|Any CPU
	EndGlobalSection
	GlobalSection(SolutionProperties) = preSolution
		HideSolutionNode = FALSE
	EndGlobalSection
	GlobalSection(ExtensibilityGlobals) = postSolution
		SolutionGuid = {B1857937-A993-4BB5-82BA-FC743E9025BF}
	EndGlobalSection
EndGlobal
