
Microsoft Visual Studio Solution File, Format Version 12.00
# Visual Studio Version 17
VisualStudioVersion = 17.14.36804.6 d17.14
MinimumVisualStudioVersion = 10.0.40219.1
Project("{FAE04EC0-301F-11D3-BF4B-00C04F79EFBC}") = "while_at24.1-6", "while_at24.1-6\while_at24.1-6.csproj", "{9F3B2F93-4B27-4647-8C24-06EF7C589B90}"
EndProject
Global
	GlobalSection(SolutionConfigurationPlatforms) = preSolution
		Debug|Any CPU = Debug|Any CPU
		Release|Any CPU = Release|Any CPU
	EndGlobalSection
	GlobalSection(ProjectConfigurationPlatforms) = postSolution
		{9F3B2F93-4B27-4647-8C24-06EF7C589B90}.Debug|Any CPU.ActiveCfg = Debug|Any CPU
		{9F3B2F93-4B27-4647-8C24-06EF7C589B90}.Debug|Any CPU.Build.0 = Debug|Any CPU
		{9F3B2F93-4B27-4647-8C24-06EF7C589B90}.Release|Any CPU.ActiveCfg = Release|Any CPU
		{9F3B2F93-4B27-4647-8C24-06EF7C589B90}.Release|Any CPU.Build.0 = Release|Any CPU
	EndGlobalSection
	GlobalSection(SolutionProperties) = preSolution
		HideSolutionNode = FALSE
	EndGlobalSection
	GlobalSection(ExtensibilityGlobals) = postSolution
		SolutionGuid = {16E6E443-D4A7-40B5-8796-B6C4F6D4B19D}
	EndGlobalSection
EndGlobal
