
Microsoft Visual Studio Solution File, Format Version 12.00
# Visual Studio Version 17
VisualStudioVersion = 17.14.36804.6 d17.14
MinimumVisualStudioVersion = 10.0.40219.1
Project("{FAE04EC0-301F-11D3-BF4B-00C04F79EFBC}") = "while_at25.2-3", "while_at25.2-3\while_at25.2-3.csproj", "{A3B71335-3A50-4744-A7BE-A0F169D10D5D}"
EndProject
Global
	GlobalSection(SolutionConfigurationPlatforms) = preSolution
		Debug|Any CPU = Debug|Any CPU
		Release|Any CPU = Release|Any CPU
	EndGlobalSection
	GlobalSection(ProjectConfigurationPlatforms) = postSolution
		{A3B71335-3A50-4744-A7BE-A0F169D10D5D}.Debug|Any CPU.ActiveCfg = Debug|Any CPU
		{A3B71335-3A50-4744-A7BE-A0F169D10D5D}.Debug|Any CPU.Build.0 = Debug|Any CPU
		{A3B71335-3A50-4744-A7BE-A0F169D10D5D}.Release|Any CPU.ActiveCfg = Release|Any CPU
		{A3B71335-3A50-4744-A7BE-A0F169D10D5D}.Release|Any CPU.Build.0 = Release|Any CPU
	EndGlobalSection
	GlobalSection(SolutionProperties) = preSolution
		HideSolutionNode = FALSE
	EndGlobalSection
	GlobalSection(ExtensibilityGlobals) = postSolution
		SolutionGuid = {DD0A2757-D4D6-47D4-B77D-E217D7C61567}
	EndGlobalSection
EndGlobal
