
Microsoft Visual Studio Solution File, Format Version 12.00
# Visual Studio Version 17
VisualStudioVersion = 17.14.36804.6 d17.14
MinimumVisualStudioVersion = 10.0.40219.1
Project("{FAE04EC0-301F-11D3-BF4B-00C04F79EFBC}") = "while_at", "while_at\while_at.csproj", "{0066E67B-879A-4A4A-9685-AF468E199042}"
EndProject
Global
	GlobalSection(SolutionConfigurationPlatforms) = preSolution
		Debug|Any CPU = Debug|Any CPU
		Release|Any CPU = Release|Any CPU
	EndGlobalSection
	GlobalSection(ProjectConfigurationPlatforms) = postSolution
		{0066E67B-879A-4A4A-9685-AF468E199042}.Debug|Any CPU.ActiveCfg = Debug|Any CPU
		{0066E67B-879A-4A4A-9685-AF468E199042}.Debug|Any CPU.Build.0 = Debug|Any CPU
		{0066E67B-879A-4A4A-9685-AF468E199042}.Release|Any CPU.ActiveCfg = Release|Any CPU
		{0066E67B-879A-4A4A-9685-AF468E199042}.Release|Any CPU.Build.0 = Release|Any CPU
	EndGlobalSection
	GlobalSection(SolutionProperties) = preSolution
		HideSolutionNode = FALSE
	EndGlobalSection
	GlobalSection(ExtensibilityGlobals) = postSolution
		SolutionGuid = {B3DE096B-00AD-4769-B140-08EC8CC2C686}
	EndGlobalSection
EndGlobal
