
Microsoft Visual Studio Solution File, Format Version 12.00
# Visual Studio Version 17
VisualStudioVersion = 17.14.36804.6 d17.14
MinimumVisualStudioVersion = 10.0.40219.1
Project("{FAE04EC0-301F-11D3-BF4B-00C04F79EFBC}") = "prova11.3", "prova11.3\prova11.3.csproj", "{0427AF82-00A5-4219-B41C-129B1A423588}"
EndProject
Global
	GlobalSection(SolutionConfigurationPlatforms) = preSolution
		Debug|Any CPU = Debug|Any CPU
		Release|Any CPU = Release|Any CPU
	EndGlobalSection
	GlobalSection(ProjectConfigurationPlatforms) = postSolution
		{0427AF82-00A5-4219-B41C-129B1A423588}.Debug|Any CPU.ActiveCfg = Debug|Any CPU
		{0427AF82-00A5-4219-B41C-129B1A423588}.Debug|Any CPU.Build.0 = Debug|Any CPU
		{0427AF82-00A5-4219-B41C-129B1A423588}.Release|Any CPU.ActiveCfg = Release|Any CPU
		{0427AF82-00A5-4219-B41C-129B1A423588}.Release|Any CPU.Build.0 = Release|Any CPU
	EndGlobalSection
	GlobalSection(SolutionProperties) = preSolution
		HideSolutionNode = FALSE
	EndGlobalSection
	GlobalSection(ExtensibilityGlobals) = postSolution
		SolutionGuid = {7CB4459A-8F24-4225-8664-E271E8E7FABA}
	EndGlobalSection
EndGlobal
