
Microsoft Visual Studio Solution File, Format Version 12.00
# Visual Studio Version 17
VisualStudioVersion = 17.14.36804.6 d17.14
MinimumVisualStudioVersion = 10.0.40219.1
Project("{FAE04EC0-301F-11D3-BF4B-00C04F79EFBC}") = "exemplo.vetor", "exemplo.vetor\exemplo.vetor.csproj", "{ADBE4071-CC16-40AA-ACA3-5F466F352FFC}"
EndProject
Global
	GlobalSection(SolutionConfigurationPlatforms) = preSolution
		Debug|Any CPU = Debug|Any CPU
		Release|Any CPU = Release|Any CPU
	EndGlobalSection
	GlobalSection(ProjectConfigurationPlatforms) = postSolution
		{ADBE4071-CC16-40AA-ACA3-5F466F352FFC}.Debug|Any CPU.ActiveCfg = Debug|Any CPU
		{ADBE4071-CC16-40AA-ACA3-5F466F352FFC}.Debug|Any CPU.Build.0 = Debug|Any CPU
		{ADBE4071-CC16-40AA-ACA3-5F466F352FFC}.Release|Any CPU.ActiveCfg = Release|Any CPU
		{ADBE4071-CC16-40AA-ACA3-5F466F352FFC}.Release|Any CPU.Build.0 = Release|Any CPU
	EndGlobalSection
	GlobalSection(SolutionProperties) = preSolution
		HideSolutionNode = FALSE
	EndGlobalSection
	GlobalSection(ExtensibilityGlobals) = postSolution
		SolutionGuid = {F9D9DEAB-719C-4123-BEBB-22B3CA4EA125}
	EndGlobalSection
EndGlobal
