
Microsoft Visual Studio Solution File, Format Version 12.00
# Visual Studio Version 17
VisualStudioVersion = 17.14.36804.6 d17.14
MinimumVisualStudioVersion = 10.0.40219.1
Project("{FAE04EC0-301F-11D3-BF4B-00C04F79EFBC}") = "aula26.6-3", "aula26.6-3\aula26.6-3.csproj", "{1D19F73F-0498-4D63-9427-6E0F3F160AF1}"
EndProject
Global
	GlobalSection(SolutionConfigurationPlatforms) = preSolution
		Debug|Any CPU = Debug|Any CPU
		Release|Any CPU = Release|Any CPU
	EndGlobalSection
	GlobalSection(ProjectConfigurationPlatforms) = postSolution
		{1D19F73F-0498-4D63-9427-6E0F3F160AF1}.Debug|Any CPU.ActiveCfg = Debug|Any CPU
		{1D19F73F-0498-4D63-9427-6E0F3F160AF1}.Debug|Any CPU.Build.0 = Debug|Any CPU
		{1D19F73F-0498-4D63-9427-6E0F3F160AF1}.Release|Any CPU.ActiveCfg = Release|Any CPU
		{1D19F73F-0498-4D63-9427-6E0F3F160AF1}.Release|Any CPU.Build.0 = Release|Any CPU
	EndGlobalSection
	GlobalSection(SolutionProperties) = preSolution
		HideSolutionNode = FALSE
	EndGlobalSection
	GlobalSection(ExtensibilityGlobals) = postSolution
		SolutionGuid = {F0CD9156-07C7-4B58-AF97-923F38E1D8CD}
	EndGlobalSection
EndGlobal
