
Microsoft Visual Studio Solution File, Format Version 12.00
# Visual Studio Version 17
VisualStudioVersion = 17.14.36804.6 d17.14
MinimumVisualStudioVersion = 10.0.40219.1
Project("{FAE04EC0-301F-11D3-BF4B-00C04F79EFBC}") = "while_at25.2-4", "while_at25.2-4\while_at25.2-4.csproj", "{770670B7-85E4-4ADF-80BE-ECB43620B726}"
EndProject
Global
	GlobalSection(SolutionConfigurationPlatforms) = preSolution
		Debug|Any CPU = Debug|Any CPU
		Release|Any CPU = Release|Any CPU
	EndGlobalSection
	GlobalSection(ProjectConfigurationPlatforms) = postSolution
		{770670B7-85E4-4ADF-80BE-ECB43620B726}.Debug|Any CPU.ActiveCfg = Debug|Any CPU
		{770670B7-85E4-4ADF-80BE-ECB43620B726}.Debug|Any CPU.Build.0 = Debug|Any CPU
		{770670B7-85E4-4ADF-80BE-ECB43620B726}.Release|Any CPU.ActiveCfg = Release|Any CPU
		{770670B7-85E4-4ADF-80BE-ECB43620B726}.Release|Any CPU.Build.0 = Release|Any CPU
	EndGlobalSection
	GlobalSection(SolutionProperties) = preSolution
		HideSolutionNode = FALSE
	EndGlobalSection
	GlobalSection(ExtensibilityGlobals) = postSolution
		SolutionGuid = {B7758694-4B61-4D85-8F96-F58918C11A1E}
	EndGlobalSection
EndGlobal
