
Microsoft Visual Studio Solution File, Format Version 12.00
# Visual Studio Version 17
VisualStudioVersion = 17.14.36804.6 d17.14
MinimumVisualStudioVersion = 10.0.40219.1
Project("{FAE04EC0-301F-11D3-BF4B-00C04F79EFBC}") = "26-2", "26-2\26-2.csproj", "{EAD72551-B99D-466B-98AA-20D79D289FD5}"
EndProject
Global
	GlobalSection(SolutionConfigurationPlatforms) = preSolution
		Debug|Any CPU = Debug|Any CPU
		Release|Any CPU = Release|Any CPU
	EndGlobalSection
	GlobalSection(ProjectConfigurationPlatforms) = postSolution
		{EAD72551-B99D-466B-98AA-20D79D289FD5}.Debug|Any CPU.ActiveCfg = Debug|Any CPU
		{EAD72551-B99D-466B-98AA-20D79D289FD5}.Debug|Any CPU.Build.0 = Debug|Any CPU
		{EAD72551-B99D-466B-98AA-20D79D289FD5}.Release|Any CPU.ActiveCfg = Release|Any CPU
		{EAD72551-B99D-466B-98AA-20D79D289FD5}.Release|Any CPU.Build.0 = Release|Any CPU
	EndGlobalSection
	GlobalSection(SolutionProperties) = preSolution
		HideSolutionNode = FALSE
	EndGlobalSection
	GlobalSection(ExtensibilityGlobals) = postSolution
		SolutionGuid = {C715B454-1507-4300-9ABD-0D7884FF5DED}
	EndGlobalSection
EndGlobal
