
Microsoft Visual Studio Solution File, Format Version 12.00
# Visual Studio Version 17
VisualStudioVersion = 17.14.36804.6 d17.14
MinimumVisualStudioVersion = 10.0.40219.1
Project("{FAE04EC0-301F-11D3-BF4B-00C04F79EFBC}") = "26-for8", "26-for8\26-for8.csproj", "{4A903A47-FA44-4568-8A3B-5A1AEDF4D7FC}"
EndProject
Global
	GlobalSection(SolutionConfigurationPlatforms) = preSolution
		Debug|Any CPU = Debug|Any CPU
		Release|Any CPU = Release|Any CPU
	EndGlobalSection
	GlobalSection(ProjectConfigurationPlatforms) = postSolution
		{4A903A47-FA44-4568-8A3B-5A1AEDF4D7FC}.Debug|Any CPU.ActiveCfg = Debug|Any CPU
		{4A903A47-FA44-4568-8A3B-5A1AEDF4D7FC}.Debug|Any CPU.Build.0 = Debug|Any CPU
		{4A903A47-FA44-4568-8A3B-5A1AEDF4D7FC}.Release|Any CPU.ActiveCfg = Release|Any CPU
		{4A903A47-FA44-4568-8A3B-5A1AEDF4D7FC}.Release|Any CPU.Build.0 = Release|Any CPU
	EndGlobalSection
	GlobalSection(SolutionProperties) = preSolution
		HideSolutionNode = FALSE
	EndGlobalSection
	GlobalSection(ExtensibilityGlobals) = postSolution
		SolutionGuid = {02A644E2-98F4-4110-A287-7AD4C4843A33}
	EndGlobalSection
EndGlobal
