
Microsoft Visual Studio Solution File, Format Version 12.00
# Visual Studio Version 17
VisualStudioVersion = 17.14.36804.6 d17.14
MinimumVisualStudioVersion = 10.0.40219.1
Project("{FAE04EC0-301F-11D3-BF4B-00C04F79EFBC}") = "aula26.1-6", "aula26.1-6\aula26.1-6.csproj", "{48DEDA7E-E6E1-47E3-AB75-6C5A84673326}"
EndProject
Global
	GlobalSection(SolutionConfigurationPlatforms) = preSolution
		Debug|Any CPU = Debug|Any CPU
		Release|Any CPU = Release|Any CPU
	EndGlobalSection
	GlobalSection(ProjectConfigurationPlatforms) = postSolution
		{48DEDA7E-E6E1-47E3-AB75-6C5A84673326}.Debug|Any CPU.ActiveCfg = Debug|Any CPU
		{48DEDA7E-E6E1-47E3-AB75-6C5A84673326}.Debug|Any CPU.Build.0 = Debug|Any CPU
		{48DEDA7E-E6E1-47E3-AB75-6C5A84673326}.Release|Any CPU.ActiveCfg = Release|Any CPU
		{48DEDA7E-E6E1-47E3-AB75-6C5A84673326}.Release|Any CPU.Build.0 = Release|Any CPU
	EndGlobalSection
	GlobalSection(SolutionProperties) = preSolution
		HideSolutionNode = FALSE
	EndGlobalSection
	GlobalSection(ExtensibilityGlobals) = postSolution
		SolutionGuid = {D35C05A8-47B0-4341-8287-9A53CAC27038}
	EndGlobalSection
EndGlobal
